// !$*UTF8*$!
{
	archiveVersion = 1;
	classes = {
	};
	objectVersion = 46;
	objects = {

/* Begin PBXBuildFile section */
		FA97C2741B121BC6008148F9 /* main.m in Sources */ = {isa = PBXBuildFile; fileRef = FA97C2731B121BC6008148F9 /* main.m */; };
		FA97C2771B121BC6008148F9 /* AppDelegate.m in Sources */ = {isa = PBXBuildFile; fileRef = FA97C2761B121BC6008148F9 /* AppDelegate.m */; };
		FA97C27A1B121BC6008148F9 /* ViewController.m in Sources */ = {isa = PBXBuildFile; fileRef = FA97C2791B121BC6008148F9 /* ViewController.m */; };
		FA97C27D1B121BC6008148F9 /* Main.storyboard in Resources */ = {isa = PBXBuildFile; fileRef = FA97C27B1B121BC6008148F9 /* Main.storyboard */; };
		FA97C27F1B121BC6008148F9 /* Images.xcassets in Resources */ = {isa = PBXBuildFile; fileRef = FA97C27E1B121BC6008148F9 /* Images.xcassets */; };
		FA97C2821B121BC6008148F9 /* LaunchScreen.xib in Resources */ = {isa = PBXBuildFile; fileRef = FA97C2801B121BC6008148F9 /* LaunchScreen.xib */; };
		FA97C28E1B121BC6008148F9 /* RBSentinelDemoTests.m in Sources */ = {isa = PBXBuildFile; fileRef = FA97C28D1B121BC6008148F9 /* RBSentinelDemoTests.m */; };
		FA97C29E1B121C2C008148F9 /* Sentinel.m in Sources */ = {isa = PBXBuildFile; fileRef = FA97C29D1B121C2C008148F9 /* Sentinel.m */; };
		FA97C2AA1B121C90008148F9 /* InterfaceController.m in Sources */ = {isa = PBXBuildFile; fileRef = FA97C2A91B121C90008148F9 /* InterfaceController.m */; };
		FA97C2AD1B121C90008148F9 /* NotificationController.m in Sources */ = {isa = PBXBuildFile; fileRef = FA97C2AC1B121C90008148F9 /* NotificationController.m */; };
		FA97C2AF1B121C90008148F9 /* Images.xcassets in Resources */ = {isa = PBXBuildFile; fileRef = FA97C2AE1B121C90008148F9 /* Images.xcassets */; };
		FA97C2B31B121C90008148F9 /* RBSentinelDemo WatchKit App.app in Resources */ = {isa = PBXBuildFile; fileRef = FA97C2B21B121C90008148F9 /* RBSentinelDemo WatchKit App.app */; };
		FA97C2BB1B121C90008148F9 /* Interface.storyboard in Resources */ = {isa = PBXBuildFile; fileRef = FA97C2B91B121C90008148F9 /* Interface.storyboard */; };
		FA97C2BD1B121C90008148F9 /* Images.xcassets in Resources */ = {isa = PBXBuildFile; fileRef = FA97C2BC1B121C90008148F9 /* Images.xcassets */; };
		FA97C2C01B121C90008148F9 /* RBSentinelDemo WatchKit Extension.appex in Embed App Extensions */ = {isa = PBXBuildFile; fileRef = FA97C2A31B121C90008148F9 /* RBSentinelDemo WatchKit Extension.appex */; settings = {ATTRIBUTES = (RemoveHeadersOnCopy, ); }; };
		FA97C2CB1B121D86008148F9 /* PostHandler.m in Sources */ = {isa = PBXBuildFile; fileRef = FA97C2CA1B121D86008148F9 /* PostHandler.m */; };
		FA97C2CC1B121DAD008148F9 /* Sentinel.m in Sources */ = {isa = PBXBuildFile; fileRef = FA97C29D1B121C2C008148F9 /* Sentinel.m */; };
/* End PBXBuildFile section */

/* Begin PBXContainerItemProxy section */
		FA97C2881B121BC6008148F9 /* PBXContainerItemProxy */ = {
			isa = PBXContainerItemProxy;
			containerPortal = FA97C2661B121BC5008148F9 /* Project object */;
			proxyType = 1;
			remoteGlobalIDString = FA97C26D1B121BC6008148F9;
			remoteInfo = RBSentinelDemo;
		};
		FA97C2B41B121C90008148F9 /* PBXContainerItemProxy */ = {
			isa = PBXContainerItemProxy;
			containerPortal = FA97C2661B121BC5008148F9 /* Project object */;
			proxyType = 1;
			remoteGlobalIDString = FA97C2B11B121C90008148F9;
			remoteInfo = "RBSentinelDemo WatchKit App";
		};
		FA97C2BE1B121C90008148F9 /* PBXContainerItemProxy */ = {
			isa = PBXContainerItemProxy;
			containerPortal = FA97C2661B121BC5008148F9 /* Project object */;
			proxyType = 1;
			remoteGlobalIDString = FA97C2A21B121C90008148F9;
			remoteInfo = "RBSentinelDemo WatchKit Extension";
		};
/* End PBXContainerItemProxy section */

/* Begin PBXCopyFilesBuildPhase section */
		FA97C2C71B121C90008148F9 /* Embed App Extensions */ = {
			isa = PBXCopyFilesBuildPhase;
			buildActionMask = 2147483647;
			dstPath = "";
			dstSubfolderSpec = 13;
			files = (
				FA97C2C01B121C90008148F9 /* RBSentinelDemo WatchKit Extension.appex in Embed App Extensions */,
			);
			name = "Embed App Extensions";
			runOnlyForDeploymentPostprocessing = 0;
		};
/* End PBXCopyFilesBuildPhase section */

/* Begin PBXFileReference section */
		FA97C26E1B121BC6008148F9 /* RBSentinelDemo.app */ = {isa = PBXFileReference; explicitFileType = wrapper.application; includeInIndex = 0; path = RBSentinelDemo.app; sourceTree = BUILT_PRODUCTS_DIR; };
		FA97C2721B121BC6008148F9 /* Info.plist */ = {isa = PBXFileReference; lastKnownFileType = text.plist.xml; path = Info.plist; sourceTree = "<group>"; };
		FA97C2731B121BC6008148F9 /* main.m */ = {isa = PBXFileReference; lastKnownFileType = sourcecode.c.objc; path = main.m; sourceTree = "<group>"; };
		FA97C2751B121BC6008148F9 /* AppDelegate.h */ = {isa = PBXFileReference; lastKnownFileType = sourcecode.c.h; path = AppDelegate.h; sourceTree = "<group>"; };
		FA97C2761B121BC6008148F9 /* AppDelegate.m */ = {isa = PBXFileReference; lastKnownFileType = sourcecode.c.objc; path = AppDelegate.m; sourceTree = "<group>"; };
		FA97C2781B121BC6008148F9 /* ViewController.h */ = {isa = PBXFileReference; lastKnownFileType = sourcecode.c.h; path = ViewController.h; sourceTree = "<group>"; };
		FA97C2791B121BC6008148F9 /* ViewController.m */ = {isa = PBXFileReference; lastKnownFileType = sourcecode.c.objc; path = ViewController.m; sourceTree = "<group>"; };
		FA97C27C1B121BC6008148F9 /* Base */ = {isa = PBXFileReference; lastKnownFileType = file.storyboard; name = Base; path = Base.lproj/Main.storyboard; sourceTree = "<group>"; };
		FA97C27E1B121BC6008148F9 /* Images.xcassets */ = {isa = PBXFileReference; lastKnownFileType = folder.assetcatalog; path = Images.xcassets; sourceTree = "<group>"; };
		FA97C2811B121BC6008148F9 /* Base */ = {isa = PBXFileReference; lastKnownFileType = file.xib; name = Base; path = Base.lproj/LaunchScreen.xib; sourceTree = "<group>"; };
		FA97C2871B121BC6008148F9 /* RBSentinelDemoTests.xctest */ = {isa = PBXFileReference; explicitFileType = wrapper.cfbundle; includeInIndex = 0; path = RBSentinelDemoTests.xctest; sourceTree = BUILT_PRODUCTS_DIR; };
		FA97C28C1B121BC6008148F9 /* Info.plist */ = {isa = PBXFileReference; lastKnownFileType = text.plist.xml; path = Info.plist; sourceTree = "<group>"; };
		FA97C28D1B121BC6008148F9 /* RBSentinelDemoTests.m */ = {isa = PBXFileReference; lastKnownFileType = sourcecode.c.objc; path = RBSentinelDemoTests.m; sourceTree = "<group>"; };
		FA97C29C1B121C2C008148F9 /* Sentinel.h */ = {isa = PBXFileReference; fileEncoding = 4; lastKnownFileType = sourcecode.c.h; path = Sentinel.h; sourceTree = "<group>"; };
		FA97C29D1B121C2C008148F9 /* Sentinel.m */ = {isa = PBXFileReference; fileEncoding = 4; lastKnownFileType = sourcecode.c.objc; path = Sentinel.m; sourceTree = "<group>"; };
		FA97C2A31B121C90008148F9 /* RBSentinelDemo WatchKit Extension.appex */ = {isa = PBXFileReference; explicitFileType = "wrapper.app-extension"; includeInIndex = 0; path = "RBSentinelDemo WatchKit Extension.appex"; sourceTree = BUILT_PRODUCTS_DIR; };
		FA97C2A61B121C90008148F9 /* Info.plist */ = {isa = PBXFileReference; lastKnownFileType = text.plist.xml; path = Info.plist; sourceTree = "<group>"; };
		FA97C2A71B121C90008148F9 /* PushNotificationPayload.apns */ = {isa = PBXFileReference; lastKnownFileType = text; path = PushNotificationPayload.apns; sourceTree = "<group>"; };
		FA97C2A81B121C90008148F9 /* InterfaceController.h */ = {isa = PBXFileReference; lastKnownFileType = sourcecode.c.h; path = InterfaceController.h; sourceTree = "<group>"; };
		FA97C2A91B121C90008148F9 /* InterfaceController.m */ = {isa = PBXFileReference; lastKnownFileType = sourcecode.c.objc; path = InterfaceController.m; sourceTree = "<group>"; };
		FA97C2AB1B121C90008148F9 /* NotificationController.h */ = {isa = PBXFileReference; lastKnownFileType = sourcecode.c.h; path = NotificationController.h; sourceTree = "<group>"; };
		FA97C2AC1B121C90008148F9 /* NotificationController.m */ = {isa = PBXFileReference; lastKnownFileType = sourcecode.c.objc; path = NotificationController.m; sourceTree = "<group>"; };
		FA97C2AE1B121C90008148F9 /* Images.xcassets */ = {isa = PBXFileReference; lastKnownFileType = folder.assetcatalog; path = Images.xcassets; sourceTree = "<group>"; };
		FA97C2B21B121C90008148F9 /* RBSentinelDemo WatchKit App.app */ = {isa = PBXFileReference; explicitFileType = wrapper.application; includeInIndex = 0; path = "RBSentinelDemo WatchKit App.app"; sourceTree = BUILT_PRODUCTS_DIR; };
		FA97C2B81B121C90008148F9 /* Info.plist */ = {isa = PBXFileReference; lastKnownFileType = text.plist.xml; path = Info.plist; sourceTree = "<group>"; };
		FA97C2BA1B121C90008148F9 /* Base */ = {isa = PBXFileReference; lastKnownFileType = file.storyboard; name = Base; path = Base.lproj/Interface.storyboard; sourceTree = "<group>"; };
		FA97C2BC1B121C90008148F9 /* Images.xcassets */ = {isa = PBXFileReference; lastKnownFileType = folder.assetcatalog; path = Images.xcassets; sourceTree = "<group>"; };
		FA97C2C91B121D86008148F9 /* PostHandler.h */ = {isa = PBXFileReference; fileEncoding = 4; lastKnownFileType = sourcecode.c.h; path = PostHandler.h; sourceTree = "<group>"; };
		FA97C2CA1B121D86008148F9 /* PostHandler.m */ = {isa = PBXFileReference; fileEncoding = 4; lastKnownFileType = sourcecode.c.objc; path = PostHandler.m; sourceTree = "<group>"; };
		FA97C2CD1B121EEC008148F9 /* RBSentinelDemo WatchKit Extension.entitlements */ = {isa = PBXFileReference; lastKnownFileType = text.xml; path = "RBSentinelDemo WatchKit Extension.entitlements"; sourceTree = "<group>"; };
		FA97C2CE1B121F03008148F9 /* RBSentinelDemo.entitlements */ = {isa = PBXFileReference; lastKnownFileType = text.xml; path = RBSentinelDemo.entitlements; sourceTree = "<group>"; };
/* End PBXFileReference section */

/* Begin PBXFrameworksBuildPhase section */
		FA97C26B1B121BC6008148F9 /* Frameworks */ = {
			isa = PBXFrameworksBuildPhase;
			buildActionMask = 2147483647;
			files = (
			);
			runOnlyForDeploymentPostprocessing = 0;
		};
		FA97C2841B121BC6008148F9 /* Frameworks */ = {
			isa = PBXFrameworksBuildPhase;
			buildActionMask = 2147483647;
			files = (
			);
			runOnlyForDeploymentPostprocessing = 0;
		};
		FA97C2A01B121C90008148F9 /* Frameworks */ = {
			isa = PBXFrameworksBuildPhase;
			buildActionMask = 2147483647;
			files = (
			);
			runOnlyForDeploymentPostprocessing = 0;
		};
/* End PBXFrameworksBuildPhase section */

/* Begin PBXGroup section */
		FA97C2651B121BC5008148F9 = {
			isa = PBXGroup;
			children = (
				FA97C29B1B121C0E008148F9 /* RBSentinel */,
				FA97C2701B121BC6008148F9 /* RBSentinelDemo */,
				FA97C28A1B121BC6008148F9 /* RBSentinelDemoTests */,
				FA97C2A41B121C90008148F9 /* RBSentinelDemo WatchKit Extension */,
				FA97C2B61B121C90008148F9 /* RBSentinelDemo WatchKit App */,
				FA97C26F1B121BC6008148F9 /* Products */,
			);
			sourceTree = "<group>";
		};
		FA97C26F1B121BC6008148F9 /* Products */ = {
			isa = PBXGroup;
			children = (
				FA97C26E1B121BC6008148F9 /* RBSentinelDemo.app */,
				FA97C2871B121BC6008148F9 /* RBSentinelDemoTests.xctest */,
				FA97C2A31B121C90008148F9 /* RBSentinelDemo WatchKit Extension.appex */,
				FA97C2B21B121C90008148F9 /* RBSentinelDemo WatchKit App.app */,
			);
			name = Products;
			sourceTree = "<group>";
		};
		FA97C2701B121BC6008148F9 /* RBSentinelDemo */ = {
			isa = PBXGroup;
			children = (
				FA97C2CE1B121F03008148F9 /* RBSentinelDemo.entitlements */,
				FA97C2971B121BD5008148F9 /* core */,
				FA97C2711B121BC6008148F9 /* Supporting Files */,
			);
			path = RBSentinelDemo;
			sourceTree = "<group>";
		};
		FA97C2711B121BC6008148F9 /* Supporting Files */ = {
			isa = PBXGroup;
			children = (
				FA97C2721B121BC6008148F9 /* Info.plist */,
				FA97C2731B121BC6008148F9 /* main.m */,
			);
			path = "Supporting Files";
			sourceTree = "<group>";
		};
		FA97C28A1B121BC6008148F9 /* RBSentinelDemoTests */ = {
			isa = PBXGroup;
			children = (
				FA97C28D1B121BC6008148F9 /* RBSentinelDemoTests.m */,
				FA97C28B1B121BC6008148F9 /* Supporting Files */,
			);
			path = RBSentinelDemoTests;
			sourceTree = "<group>";
		};
		FA97C28B1B121BC6008148F9 /* Supporting Files */ = {
			isa = PBXGroup;
			children = (
				FA97C28C1B121BC6008148F9 /* Info.plist */,
			);
			path = "Supporting Files";
			sourceTree = "<group>";
		};
		FA97C2971B121BD5008148F9 /* core */ = {
			isa = PBXGroup;
			children = (
				FA97C2C81B121D74008148F9 /* handler */,
				FA97C29A1B121BF2008148F9 /* system */,
				FA97C2991B121BE7008148F9 /* delegate */,
				FA97C2981B121BDB008148F9 /* controller */,
			);
			path = core;
			sourceTree = "<group>";
		};
		FA97C2981B121BDB008148F9 /* controller */ = {
			isa = PBXGroup;
			children = (
				FA97C2781B121BC6008148F9 /* ViewController.h */,
				FA97C2791B121BC6008148F9 /* ViewController.m */,
			);
			path = controller;
			sourceTree = "<group>";
		};
		FA97C2991B121BE7008148F9 /* delegate */ = {
			isa = PBXGroup;
			children = (
				FA97C2751B121BC6008148F9 /* AppDelegate.h */,
				FA97C2761B121BC6008148F9 /* AppDelegate.m */,
			);
			path = delegate;
			sourceTree = "<group>";
		};
		FA97C29A1B121BF2008148F9 /* system */ = {
			isa = PBXGroup;
			children = (
				FA97C27B1B121BC6008148F9 /* Main.storyboard */,
				FA97C27E1B121BC6008148F9 /* Images.xcassets */,
				FA97C2801B121BC6008148F9 /* LaunchScreen.xib */,
			);
			path = system;
			sourceTree = "<group>";
		};
		FA97C29B1B121C0E008148F9 /* RBSentinel */ = {
			isa = PBXGroup;
			children = (
				FA97C29C1B121C2C008148F9 /* Sentinel.h */,
				FA97C29D1B121C2C008148F9 /* Sentinel.m */,
			);
			path = RBSentinel;
			sourceTree = "<group>";
		};
		FA97C2A41B121C90008148F9 /* RBSentinelDemo WatchKit Extension */ = {
			isa = PBXGroup;
			children = (
				FA97C2CD1B121EEC008148F9 /* RBSentinelDemo WatchKit Extension.entitlements */,
				FA97C2A81B121C90008148F9 /* InterfaceController.h */,
				FA97C2A91B121C90008148F9 /* InterfaceController.m */,
				FA97C2AB1B121C90008148F9 /* NotificationController.h */,
				FA97C2AC1B121C90008148F9 /* NotificationController.m */,
				FA97C2AE1B121C90008148F9 /* Images.xcassets */,
				FA97C2A51B121C90008148F9 /* Supporting Files */,
			);
			path = "RBSentinelDemo WatchKit Extension";
			sourceTree = "<group>";
		};
		FA97C2A51B121C90008148F9 /* Supporting Files */ = {
			isa = PBXGroup;
			children = (
				FA97C2A61B121C90008148F9 /* Info.plist */,
				FA97C2A71B121C90008148F9 /* PushNotificationPayload.apns */,
			);
			path = "Supporting Files";
			sourceTree = "<group>";
		};
		FA97C2B61B121C90008148F9 /* RBSentinelDemo WatchKit App */ = {
			isa = PBXGroup;
			children = (
				FA97C2B91B121C90008148F9 /* Interface.storyboard */,
				FA97C2BC1B121C90008148F9 /* Images.xcassets */,
				FA97C2B71B121C90008148F9 /* Supporting Files */,
			);
			path = "RBSentinelDemo WatchKit App";
			sourceTree = "<group>";
		};
		FA97C2B71B121C90008148F9 /* Supporting Files */ = {
			isa = PBXGroup;
			children = (
				FA97C2B81B121C90008148F9 /* Info.plist */,
			);
			path = "Supporting Files";
			sourceTree = "<group>";
		};
		FA97C2C81B121D74008148F9 /* handler */ = {
			isa = PBXGroup;
			children = (
				FA97C2C91B121D86008148F9 /* PostHandler.h */,
				FA97C2CA1B121D86008148F9 /* PostHandler.m */,
			);
			path = handler;
			sourceTree = "<group>";
		};
/* End PBXGroup section */

/* Begin PBXNativeTarget section */
		FA97C26D1B121BC6008148F9 /* RBSentinelDemo */ = {
			isa = PBXNativeTarget;
			buildConfigurationList = FA97C2911B121BC6008148F9 /* Build configuration list for PBXNativeTarget "RBSentinelDemo" */;
			buildPhases = (
				FA97C26A1B121BC6008148F9 /* Sources */,
				FA97C26B1B121BC6008148F9 /* Frameworks */,
				FA97C26C1B121BC6008148F9 /* Resources */,
				FA97C2C71B121C90008148F9 /* Embed App Extensions */,
			);
			buildRules = (
			);
			dependencies = (
				FA97C2BF1B121C90008148F9 /* PBXTargetDependency */,
			);
			name = RBSentinelDemo;
			productName = RBSentinelDemo;
			productReference = FA97C26E1B121BC6008148F9 /* RBSentinelDemo.app */;
			productType = "com.apple.product-type.application";
		};
		FA97C2861B121BC6008148F9 /* RBSentinelDemoTests */ = {
			isa = PBXNativeTarget;
			buildConfigurationList = FA97C2941B121BC6008148F9 /* Build configuration list for PBXNativeTarget "RBSentinelDemoTests" */;
			buildPhases = (
				FA97C2831B121BC6008148F9 /* Sources */,
				FA97C2841B121BC6008148F9 /* Frameworks */,
				FA97C2851B121BC6008148F9 /* Resources */,
			);
			buildRules = (
			);
			dependencies = (
				FA97C2891B121BC6008148F9 /* PBXTargetDependency */,
			);
			name = RBSentinelDemoTests;
			productName = RBSentinelDemoTests;
			productReference = FA97C2871B121BC6008148F9 /* RBSentinelDemoTests.xctest */;
			productType = "com.apple.product-type.bundle.unit-test";
		};
		FA97C2A21B121C90008148F9 /* RBSentinelDemo WatchKit Extension */ = {
			isa = PBXNativeTarget;
			buildConfigurationList = FA97C2C41B121C90008148F9 /* Build configuration list for PBXNativeTarget "RBSentinelDemo WatchKit Extension" */;
			buildPhases = (
				FA97C29F1B121C90008148F9 /* Sources */,
				FA97C2A01B121C90008148F9 /* Frameworks */,
				FA97C2A11B121C90008148F9 /* Resources */,
			);
			buildRules = (
			);
			dependencies = (
				FA97C2B51B121C90008148F9 /* PBXTargetDependency */,
			);
			name = "RBSentinelDemo WatchKit Extension";
			productName = "RBSentinelDemo WatchKit Extension";
			productReference = FA97C2A31B121C90008148F9 /* RBSentinelDemo WatchKit Extension.appex */;
			productType = "com.apple.product-type.watchkit-extension";
		};
		FA97C2B11B121C90008148F9 /* RBSentinelDemo WatchKit App */ = {
			isa = PBXNativeTarget;
			buildConfigurationList = FA97C2C11B121C90008148F9 /* Build configuration list for PBXNativeTarget "RBSentinelDemo WatchKit App" */;
			buildPhases = (
				FA97C2B01B121C90008148F9 /* Resources */,
			);
			buildRules = (
			);
			dependencies = (
			);
			name = "RBSentinelDemo WatchKit App";
			productName = "RBSentinelDemo WatchKit App";
			productReference = FA97C2B21B121C90008148F9 /* RBSentinelDemo WatchKit App.app */;
			productType = "com.apple.product-type.application.watchapp";
		};
/* End PBXNativeTarget section */

/* Begin PBXProject section */
		FA97C2661B121BC5008148F9 /* Project object */ = {
			isa = PBXProject;
			attributes = {
				LastUpgradeCheck = 0630;
				ORGANIZATIONNAME = "Roshan Nindrai Senthilnathan";
				TargetAttributes = {
					FA97C26D1B121BC6008148F9 = {
						CreatedOnToolsVersion = 6.3.1;
						DevelopmentTeam = W2MHQ39N9M;
						SystemCapabilities = {
							com.apple.ApplicationGroups.iOS = {
								enabled = 1;
							};
						};
					};
					FA97C2861B121BC6008148F9 = {
						CreatedOnToolsVersion = 6.3.1;
						TestTargetID = FA97C26D1B121BC6008148F9;
					};
					FA97C2A21B121C90008148F9 = {
						CreatedOnToolsVersion = 6.3.1;
						DevelopmentTeam = W2MHQ39N9M;
						SystemCapabilities = {
							com.apple.ApplicationGroups.iOS = {
								enabled = 1;
							};
						};
					};
					FA97C2B11B121C90008148F9 = {
						CreatedOnToolsVersion = 6.3.1;
					};
				};
			};
			buildConfigurationList = FA97C2691B121BC5008148F9 /* Build configuration list for PBXProject "RBSentinelDemo" */;
			compatibilityVersion = "Xcode 3.2";
			developmentRegion = English;
			hasScannedForEncodings = 0;
			knownRegions = (
				en,
				Base,
			);
			mainGroup = FA97C2651B121BC5008148F9;
			productRefGroup = FA97C26F1B121BC6008148F9 /* Products */;
			projectDirPath = "";
			projectRoot = "";
			targets = (
				FA97C26D1B121BC6008148F9 /* RBSentinelDemo */,
				FA97C2861B121BC6008148F9 /* RBSentinelDemoTests */,
				FA97C2A21B121C90008148F9 /* RBSentinelDemo WatchKit Extension */,
				FA97C2B11B121C90008148F9 /* RBSentinelDemo WatchKit App */,
			);
		};
/* End PBXProject section */

/* Begin PBXResourcesBuildPhase section */
		FA97C26C1B121BC6008148F9 /* Resources */ = {
			isa = PBXResourcesBuildPhase;
			buildActionMask = 2147483647;
			files = (
				FA97C27D1B121BC6008148F9 /* Main.storyboard in Resources */,
				FA97C2821B121BC6008148F9 /* LaunchScreen.xib in Resources */,
				FA97C27F1B121BC6008148F9 /* Images.xcassets in Resources */,
			);
			runOnlyForDeploymentPostprocessing = 0;
		};
		FA97C2851B121BC6008148F9 /* Resources */ = {
			isa = PBXResourcesBuildPhase;
			buildActionMask = 2147483647;
			files = (
			);
			runOnlyForDeploymentPostprocessing = 0;
		};
		FA97C2A11B121C90008148F9 /* Resources */ = {
			isa = PBXResourcesBuildPhase;
			buildActionMask = 2147483647;
			files = (
				FA97C2AF1B121C90008148F9 /* Images.xcassets in Resources */,
				FA97C2B31B121C90008148F9 /* RBSentinelDemo WatchKit App.app in Resources */,
			);
			runOnlyForDeploymentPostprocessing = 0;
		};
		FA97C2B01B121C90008148F9 /* Resources */ = {
			isa = PBXResourcesBuildPhase;
			buildActionMask = 2147483647;
			files = (
				FA97C2BB1B121C90008148F9 /* Interface.storyboard in Resources */,
				FA97C2BD1B121C90008148F9 /* Images.xcassets in Resources */,
			);
			runOnlyForDeploymentPostprocessing = 0;
		};
/* End PBXResourcesBuildPhase section */

/* Begin PBXSourcesBuildPhase section */
		FA97C26A1B121BC6008148F9 /* Sources */ = {
			isa = PBXSourcesBuildPhase;
			buildActionMask = 2147483647;
			files = (
				FA97C2CB1B121D86008148F9 /* PostHandler.m in Sources */,
				FA97C27A1B121BC6008148F9 /* ViewController.m in Sources */,
				FA97C2771B121BC6008148F9 /* AppDelegate.m in Sources */,
				FA97C2741B121BC6008148F9 /* main.m in Sources */,
				FA97C29E1B121C2C008148F9 /* Sentinel.m in Sources */,
			);
			runOnlyForDeploymentPostprocessing = 0;
		};
		FA97C2831B121BC6008148F9 /* Sources */ = {
			isa = PBXSourcesBuildPhase;
			buildActionMask = 2147483647;
			files = (
				FA97C28E1B121BC6008148F9 /* RBSentinelDemoTests.m in Sources */,
			);
			runOnlyForDeploymentPostprocessing = 0;
		};
		FA97C29F1B121C90008148F9 /* Sources */ = {
			isa = PBXSourcesBuildPhase;
			buildActionMask = 2147483647;
			files = (
				FA97C2CC1B121DAD008148F9 /* Sentinel.m in Sources */,
				FA97C2AD1B121C90008148F9 /* NotificationController.m in Sources */,
				FA97C2AA1B121C90008148F9 /* InterfaceController.m in Sources */,
			);
			runOnlyForDeploymentPostprocessing = 0;
		};
/* End PBXSourcesBuildPhase section */

/* Begin PBXTargetDependency section */
		FA97C2891B121BC6008148F9 /* PBXTargetDependency */ = {
			isa = PBXTargetDependency;
			target = FA97C26D1B121BC6008148F9 /* RBSentinelDemo */;
			targetProxy = FA97C2881B121BC6008148F9 /* PBXContainerItemProxy */;
		};
		FA97C2B51B121C90008148F9 /* PBXTargetDependency */ = {
			isa = PBXTargetDependency;
			target = FA97C2B11B121C90008148F9 /* RBSentinelDemo WatchKit App */;
			targetProxy = FA97C2B41B121C90008148F9 /* PBXContainerItemProxy */;
		};
		FA97C2BF1B121C90008148F9 /* PBXTargetDependency */ = {
			isa = PBXTargetDependency;
			target = FA97C2A21B121C90008148F9 /* RBSentinelDemo WatchKit Extension */;
			targetProxy = FA97C2BE1B121C90008148F9 /* PBXContainerItemProxy */;
		};
/* End PBXTargetDependency section */

/* Begin PBXVariantGroup section */
		FA97C27B1B121BC6008148F9 /* Main.storyboard */ = {
			isa = PBXVariantGroup;
			children = (
				FA97C27C1B121BC6008148F9 /* Base */,
			);
			name = Main.storyboard;
			path = .;
			sourceTree = "<group>";
		};
		FA97C2801B121BC6008148F9 /* LaunchScreen.xib */ = {
			isa = PBXVariantGroup;
			children = (
				FA97C2811B121BC6008148F9 /* Base */,
			);
			name = LaunchScreen.xib;
			path = .;
			sourceTree = "<group>";
		};
		FA97C2B91B121C90008148F9 /* Interface.storyboard */ = {
			isa = PBXVariantGroup;
			children = (
				FA97C2BA1B121C90008148F9 /* Base */,
			);
			name = Interface.storyboard;
			path = .;
			sourceTree = "<group>";
		};
/* End PBXVariantGroup section */

/* Begin XCBuildConfiguration section */
		FA97C28F1B121BC6008148F9 /* Debug */ = {
			isa = XCBuildConfiguration;
			buildSettings = {
				ALWAYS_SEARCH_USER_PATHS = NO;
				CLANG_CXX_LANGUAGE_STANDARD = "gnu++0x";
				CLANG_CXX_LIBRARY = "libc++";
				CLANG_ENABLE_MODULES = YES;
				CLANG_ENABLE_OBJC_ARC = YES;
				CLANG_WARN_BOOL_CONVERSION = YES;
				CLANG_WARN_CONSTANT_CONVERSION = YES;
				CLANG_WARN_DIRECT_OBJC_ISA_USAGE = YES_ERROR;
				CLANG_WARN_EMPTY_BODY = YES;
				CLANG_WARN_ENUM_CONVERSION = YES;
				CLANG_WARN_INT_CONVERSION = YES;
				CLANG_WARN_OBJC_ROOT_CLASS = YES_ERROR;
				CLANG_WARN_UNREACHABLE_CODE = YES;
				CLANG_WARN__DUPLICATE_METHOD_MATCH = YES;
				"CODE_SIGN_IDENTITY[sdk=iphoneos*]" = "iPhone Developer";
				COPY_PHASE_STRIP = NO;
				DEBUG_INFORMATION_FORMAT = "dwarf-with-dsym";
				ENABLE_STRICT_OBJC_MSGSEND = YES;
				GCC_C_LANGUAGE_STANDARD = gnu99;
				GCC_DYNAMIC_NO_PIC = NO;
				GCC_NO_COMMON_BLOCKS = YES;
				GCC_OPTIMIZATION_LEVEL = 0;
				GCC_PREPROCESSOR_DEFINITIONS = (
					"DEBUG=1",
					"$(inherited)",
				);
				GCC_SYMBOLS_PRIVATE_EXTERN = NO;
				GCC_WARN_64_TO_32_BIT_CONVERSION = YES;
				GCC_WARN_ABOUT_RETURN_TYPE = YES_ERROR;
				GCC_WARN_UNDECLARED_SELECTOR = YES;
				GCC_WARN_UNINITIALIZED_AUTOS = YES_AGGRESSIVE;
				GCC_WARN_UNUSED_FUNCTION = YES;
				GCC_WARN_UNUSED_VARIABLE = YES;
				IPHONEOS_DEPLOYMENT_TARGET = 8.3;
				MTL_ENABLE_DEBUG_INFO = YES;
				ONLY_ACTIVE_ARCH = YES;
				SDKROOT = iphoneos;
			};
			name = Debug;
		};
		FA97C2901B121BC6008148F9 /* Release */ = {
			isa = XCBuildConfiguration;
			buildSettings = {
				ALWAYS_SEARCH_USER_PATHS = NO;
				CLANG_CXX_LANGUAGE_STANDARD = "gnu++0x";
				CLANG_CXX_LIBRARY = "libc++";
				CLANG_ENABLE_MODULES = YES;
				CLANG_ENABLE_OBJC_ARC = YES;
				CLANG_WARN_BOOL_CONVERSION = YES;
				CLANG_WARN_CONSTANT_CONVERSION = YES;
				CLANG_WARN_DIRECT_OBJC_ISA_USAGE = YES_ERROR;
				CLANG_WARN_EMPTY_BODY = YES;
				CLANG_WARN_ENUM_CONVERSION = YES;
				CLANG_WARN_INT_CONVERSION = YES;
				CLANG_WARN_OBJC_ROOT_CLASS = YES_ERROR;
				CLANG_WARN_UNREACHABLE_CODE = YES;
				CLANG_WARN__DUPLICATE_METHOD_MATCH = YES;
				"CODE_SIGN_IDENTITY[sdk=iphoneos*]" = "iPhone Developer";
				COPY_PHASE_STRIP = NO;
				DEBUG_INFORMATION_FORMAT = "dwarf-with-dsym";
				ENABLE_NS_ASSERTIONS = NO;
				ENABLE_STRICT_OBJC_MSGSEND = YES;
				GCC_C_LANGUAGE_STANDARD = gnu99;
				GCC_NO_COMMON_BLOCKS = YES;
				GCC_WARN_64_TO_32_BIT_CONVERSION = YES;
				GCC_WARN_ABOUT_RETURN_TYPE = YES_ERROR;
				GCC_WARN_UNDECLARED_SELECTOR = YES;
				GCC_WARN_UNINITIALIZED_AUTOS = YES_AGGRESSIVE;
				GCC_WARN_UNUSED_FUNCTION = YES;
				GCC_WARN_UNUSED_VARIABLE = YES;
				IPHONEOS_DEPLOYMENT_TARGET = 8.3;
				MTL_ENABLE_DEBUG_INFO = NO;
				SDKROOT = iphoneos;
				VALIDATE_PRODUCT = YES;
			};
			name = Release;
		};
		FA97C2921B121BC6008148F9 /* Debug */ = {
			isa = XCBuildConfiguration;
			buildSettings = {
				ASSETCATALOG_COMPILER_APPICON_NAME = AppIcon;
				CODE_SIGN_ENTITLEMENTS = RBSentinelDemo/RBSentinelDemo.entitlements;
				CODE_SIGN_IDENTITY = "iPhone Developer";
				"CODE_SIGN_IDENTITY[sdk=iphoneos*]" = "iPhone Developer";
				INFOPLIST_FILE = "RBSentinelDemo/Supporting Files/Info.plist";
				LD_RUNPATH_SEARCH_PATHS = "$(inherited) @executable_path/Frameworks";
				PRODUCT_NAME = "$(TARGET_NAME)";
				PROVISIONING_PROFILE = "";
			};
			name = Debug;
		};
		FA97C2931B121BC6008148F9 /* Release */ = {
			isa = XCBuildConfiguration;
			buildSettings = {
				ASSETCATALOG_COMPILER_APPICON_NAME = AppIcon;
				CODE_SIGN_ENTITLEMENTS = RBSentinelDemo/RBSentinelDemo.entitlements;
				CODE_SIGN_IDENTITY = "iPhone Developer";
				"CODE_SIGN_IDENTITY[sdk=iphoneos*]" = "iPhone Developer";
				INFOPLIST_FILE = "RBSentinelDemo/Supporting Files/Info.plist";
				LD_RUNPATH_SEARCH_PATHS = "$(inherited) @executable_path/Frameworks";
				PRODUCT_NAME = "$(TARGET_NAME)";
				PROVISIONING_PROFILE = "";
			};
			name = Release;
		};
		FA97C2951B121BC6008148F9 /* Debug */ = {
			isa = XCBuildConfiguration;
			buildSettings = {
				BUNDLE_LOADER = "$(TEST_HOST)";
				FRAMEWORK_SEARCH_PATHS = (
					"$(SDKROOT)/Developer/Library/Frameworks",
					"$(inherited)",
				);
				GCC_PREPROCESSOR_DEFINITIONS = (
					"DEBUG=1",
					"$(inherited)",
				);
				INFOPLIST_FILE = "RBSentinelDemoTests/Supporting Files/Info.plist";
				LD_RUNPATH_SEARCH_PATHS = "$(inherited) @executable_path/Frameworks @loader_path/Frameworks";
				PRODUCT_NAME = "$(TARGET_NAME)";
				TEST_HOST = "$(BUILT_PRODUCTS_DIR)/RBSentinelDemo.app/RBSentinelDemo";
			};
			name = Debug;
		};
		FA97C2961B121BC6008148F9 /* Release */ = {
			isa = XCBuildConfiguration;
			buildSettings = {
				BUNDLE_LOADER = "$(TEST_HOST)";
				FRAMEWORK_SEARCH_PATHS = (
					"$(SDKROOT)/Developer/Library/Frameworks",
					"$(inherited)",
				);
				INFOPLIST_FILE = "RBSentinelDemoTests/Supporting Files/Info.plist";
				LD_RUNPATH_SEARCH_PATHS = "$(inherited) @executable_path/Frameworks @loader_path/Frameworks";
				PRODUCT_NAME = "$(TARGET_NAME)";
				TEST_HOST = "$(BUILT_PRODUCTS_DIR)/RBSentinelDemo.app/RBSentinelDemo";
			};
			name = Release;
		};
		FA97C2C21B121C90008148F9 /* Debug */ = {
			isa = XCBuildConfiguration;
			buildSettings = {
				ASSETCATALOG_COMPILER_APPICON_NAME = AppIcon;
				GCC_PREPROCESSOR_DEFINITIONS = (
					"DEBUG=1",
					"$(inherited)",
				);
				IBSC_MODULE = RBSentinelDemo_WatchKit_Extension;
				INFOPLIST_FILE = "RBSentinelDemo WatchKit App/Supporting Files/Info.plist";
				IPHONEOS_DEPLOYMENT_TARGET = 8.2;
				PRODUCT_NAME = "$(TARGET_NAME)";
				SKIP_INSTALL = YES;
				TARGETED_DEVICE_FAMILY = 4;
				"TARGETED_DEVICE_FAMILY[sdk=iphonesimulator*]" = "1,4";
			};
			name = Debug;
		};
		FA97C2C31B121C90008148F9 /* Release */ = {
			isa = XCBuildConfiguration;
			buildSettings = {
				ASSETCATALOG_COMPILER_APPICON_NAME = AppIcon;
				IBSC_MODULE = RBSentinelDemo_WatchKit_Extension;
				INFOPLIST_FILE = "RBSentinelDemo WatchKit App/Supporting Files/Info.plist";
				IPHONEOS_DEPLOYMENT_TARGET = 8.2;
				PRODUCT_NAME = "$(TARGET_NAME)";
				SKIP_INSTALL = YES;
				TARGETED_DEVICE_FAMILY = 4;
				"TARGETED_DEVICE_FAMILY[sdk=iphonesimulator*]" = "1,4";
			};
			name = Release;
		};
		FA97C2C51B121C90008148F9 /* Debug */ = {
			isa = XCBuildConfiguration;
			buildSettings = {
				CODE_SIGN_ENTITLEMENTS = "RBSentinelDemo WatchKit Extension/RBSentinelDemo WatchKit Extension.entitlements";
				CODE_SIGN_IDENTITY = "iPhone Developer";
				"CODE_SIGN_IDENTITY[sdk=iphoneos*]" = "iPhone Developer";
				GCC_PREPROCESSOR_DEFINITIONS = (
					"DEBUG=1",
					"$(inherited)",
				);
				INFOPLIST_FILE = "RBSentinelDemo WatchKit Extension/Supporting Files/Info.plist";
				LD_RUNPATH_SEARCH_PATHS = "$(inherited) @executable_path/Frameworks @executable_path/../../Frameworks";
				PRODUCT_NAME = "${TARGET_NAME}";
				PROVISIONING_PROFILE = "";
				SKIP_INSTALL = YES;
			};
			name = Debug;
		};
		FA97C2C61B121C90008148F9 /* Release */ = {
			isa = XCBuildConfiguration;
			buildSettings = {
				CODE_SIGN_ENTITLEMENTS = "RBSentinelDemo WatchKit Extension/RBSentinelDemo WatchKit Extension.entitlements";
				CODE_SIGN_IDENTITY = "iPhone Developer";
				"CODE_SIGN_IDENTITY[sdk=iphoneos*]" = "iPhone Developer";
				INFOPLIST_FILE = "RBSentinelDemo WatchKit Extension/Supporting Files/Info.plist";
				LD_RUNPATH_SEARCH_PATHS = "$(inherited) @executable_path/Frameworks @executable_path/../../Frameworks";
				PRODUCT_NAME = "${TARGET_NAME}";
				PROVISIONING_PROFILE = "";
				SKIP_INSTALL = YES;
			};
			name = Release;
		};
/* End XCBuildConfiguration section */

/* Begin XCConfigurationList section */
		FA97C2691B121BC5008148F9 /* Build configuration list for PBXProject "RBSentinelDemo" */ = {
			isa = XCConfigurationList;
			buildConfigurations = (
				FA97C28F1B121BC6008148F9 /* Debug */,
				FA97C2901B121BC6008148F9 /* Release */,
			);
			defaultConfigurationIsVisible = 0;
			defaultConfigurationName = Release;
		};
		FA97C2911B121BC6008148F9 /* Build configuration list for PBXNativeTarget "RBSentinelDemo" */ = {
			isa = XCConfigurationList;
			buildConfigurations = (
				FA97C2921B121BC6008148F9 /* Debug */,
				FA97C2931B121BC6008148F9 /* Release */,
			);
			defaultConfigurationIsVisible = 0;
			defaultConfigurationName = Release;
		};
		FA97C2941B121BC6008148F9 /* Build configuration list for PBXNativeTarget "RBSentinelDemoTests" */ = {
			isa = XCConfigurationList;
			buildConfigurations = (
				FA97C2951B121BC6008148F9 /* Debug */,
				FA97C2961B121BC6008148F9 /* Release */,
			);
			defaultConfigurationIsVisible = 0;
			defaultConfigurationName = Release;
		};
		FA97C2C11B121C90008148F9 /* Build configuration list for PBXNativeTarget "RBSentinelDemo WatchKit App" */ = {
			isa = XCConfigurationList;
			buildConfigurations = (
				FA97C2C21B121C90008148F9 /* Debug */,
				FA97C2C31B121C90008148F9 /* Release */,
			);
			defaultConfigurationIsVisible = 0;
			defaultConfigurationName = Release;
		};
		FA97C2C41B121C90008148F9 /* Build configuration list for PBXNativeTarget "RBSentinelDemo WatchKit Extension" */ = {
			isa = XCConfigurationList;
			buildConfigurations = (
				FA97C2C51B121C90008148F9 /* Debug */,
				FA97C2C61B121C90008148F9 /* Release */,
			);
			defaultConfigurationIsVisible = 0;
			defaultConfigurationName = Release;
		};
/* End XCConfigurationList section */
	};
	rootObject = FA97C2661B121BC5008148F9 /* Project object */;
}
